
Microsoft Visual Studio Solution File, Format Version 12.00
# Visual Studio Version 16
VisualStudioVersion = 16.0.29709.97
MinimumVisualStudioVersion = 10.0.40219.1
Project("{9A19103F-16F7-4668-BE54-9A1E7A4F7556}") = "CSC4151-TaskService", "CSC4151-TaskService\CSC4151-TaskService.csproj", "{299B3930-3B86-46AD-A39F-8A0479C230B8}"
EndProject
Project("{9A19103F-16F7-4668-BE54-9A1E7A4F7556}") = "Domain", "Domain\Domain.csproj", "{CCD62AA9-6449-4120-B86E-B10AEF9DC5E1}"
EndProject
Project("{9A19103F-16F7-4668-BE54-9A1E7A4F7556}") = "Common", "Common\Common.csproj", "{CA6CB7A9-1B12-47B5-A2EF-E3B1FBF0265F}"
EndProject
Project("{FAE04EC0-301F-11D3-BF4B-00C04F79EFBC}") = "EndToEndTests", "EndToEndTests\EndToEndTests.csproj", "{9244370F-9B41-4045-92C8-D9F3DFDD50B8}"
EndProject
Global
	GlobalSection(SolutionConfigurationPlatforms) = preSolution
		Debug|Any CPU = Debug|Any CPU
		Release|Any CPU = Release|Any CPU
	EndGlobalSection
	GlobalSection(ProjectConfigurationPlatforms) = postSolution
		{299B3930-3B86-46AD-A39F-8A0479C230B8}.Debug|Any CPU.ActiveCfg = Debug|Any CPU
		{299B3930-3B86-46AD-A39F-8A0479C230B8}.Debug|Any CPU.Build.0 = Debug|Any CPU
		{299B3930-3B86-46AD-A39F-8A0479C230B8}.Release|Any CPU.ActiveCfg = Release|Any CPU
		{299B3930-3B86-46AD-A39F-8A0479C230B8}.Release|Any CPU.Build.0 = Release|Any CPU
		{CCD62AA9-6449-4120-B86E-B10AEF9DC5E1}.Debug|Any CPU.ActiveCfg = Debug|Any CPU
		{CCD62AA9-6449-4120-B86E-B10AEF9DC5E1}.Debug|Any CPU.Build.0 = Debug|Any CPU
		{CCD62AA9-6449-4120-B86E-B10AEF9DC5E1}.Release|Any CPU.ActiveCfg = Release|Any CPU
		{CCD62AA9-6449-4120-B86E-B10AEF9DC5E1}.Release|Any CPU.Build.0 = Release|Any CPU
		{CA6CB7A9-1B12-47B5-A2EF-E3B1FBF0265F}.Debug|Any CPU.ActiveCfg = Debug|Any CPU
		{CA6CB7A9-1B12-47B5-A2EF-E3B1FBF0265F}.Debug|Any CPU.Build.0 = Debug|Any CPU
		{CA6CB7A9-1B12-47B5-A2EF-E3B1FBF0265F}.Release|Any CPU.ActiveCfg = Release|Any CPU
		{CA6CB7A9-1B12-47B5-A2EF-E3B1FBF0265F}.Release|Any CPU.Build.0 = Release|Any CPU
		{9244370F-9B41-4045-92C8-D9F3DFDD50B8}.Debug|Any CPU.ActiveCfg = Debug|Any CPU
		{9244370F-9B41-4045-92C8-D9F3DFDD50B8}.Debug|Any CPU.Build.0 = Debug|Any CPU
		{9244370F-9B41-4045-92C8-D9F3DFDD50B8}.Release|Any CPU.ActiveCfg = Release|Any CPU
		{9244370F-9B41-4045-92C8-D9F3DFDD50B8}.Release|Any CPU.Build.0 = Release|Any CPU
	EndGlobalSection
	GlobalSection(SolutionProperties) = preSolution
		HideSolutionNode = FALSE
	EndGlobalSection
	GlobalSection(ExtensibilityGlobals) = postSolution
		SolutionGuid = {EA635023-358C-402F-8CBF-3EDA8A0E797C}
	EndGlobalSection
EndGlobal
